
Microsoft Visual Studio Solution File, Format Version 12.00
# Visual Studio 15
VisualStudioVersion = 15.0.28307.1209
MinimumVisualStudioVersion = 10.0.40219.1
Project("{FAE04EC0-301F-11D3-BF4B-00C04F79EFBC}") = "Keysight", "KeysightDMM\KeysightDMM.csproj", "{9F6349F5-2616-48C1-9E42-91418FB59E98}"
EndProject
Global
	GlobalSection(SolutionConfigurationPlatforms) = preSolution
		Debug|Any CPU = Debug|Any CPU
		Release|Any CPU = Release|Any CPU
	EndGlobalSection
	GlobalSection(ProjectConfigurationPlatforms) = postSolution
		{9F6349F5-2616-48C1-9E42-91418FB59E98}.Debug|Any CPU.ActiveCfg = Debug|Any CPU
		{9F6349F5-2616-48C1-9E42-91418FB59E98}.Debug|Any CPU.Build.0 = Debug|Any CPU
		{9F6349F5-2616-48C1-9E42-91418FB59E98}.Release|Any CPU.ActiveCfg = Release|Any CPU
		{9F6349F5-2616-48C1-9E42-91418FB59E98}.Release|Any CPU.Build.0 = Release|Any CPU
	EndGlobalSection
	GlobalSection(SolutionProperties) = preSolution
		HideSolutionNode = FALSE
	EndGlobalSection
	GlobalSection(ExtensibilityGlobals) = postSolution
		SolutionGuid = {2C7BDE19-3ED7-4812-B565-496C3759CB05}
	EndGlobalSection
EndGlobal
