
Microsoft Visual Studio Solution File, Format Version 12.00
# Visual Studio 15
VisualStudioVersion = 15.0.28307.1209
MinimumVisualStudioVersion = 10.0.40219.1
Project("{FAE04EC0-301F-11D3-BF4B-00C04F79EFBC}") = "AgilentDMM", "AgilentDMM\AgilentDMM.csproj", "{CB4F58FD-E178-4F99-B049-C1E09FB1945C}"
EndProject
Global
	GlobalSection(SolutionConfigurationPlatforms) = preSolution
		Debug|Any CPU = Debug|Any CPU
		Release|Any CPU = Release|Any CPU
	EndGlobalSection
	GlobalSection(ProjectConfigurationPlatforms) = postSolution
		{CB4F58FD-E178-4F99-B049-C1E09FB1945C}.Debug|Any CPU.ActiveCfg = Debug|Any CPU
		{CB4F58FD-E178-4F99-B049-C1E09FB1945C}.Debug|Any CPU.Build.0 = Debug|Any CPU
		{CB4F58FD-E178-4F99-B049-C1E09FB1945C}.Release|Any CPU.ActiveCfg = Release|Any CPU
		{CB4F58FD-E178-4F99-B049-C1E09FB1945C}.Release|Any CPU.Build.0 = Release|Any CPU
	EndGlobalSection
	GlobalSection(SolutionProperties) = preSolution
		HideSolutionNode = FALSE
	EndGlobalSection
	GlobalSection(ExtensibilityGlobals) = postSolution
		SolutionGuid = {35DF7A02-1B52-48AB-89E3-64D01971A367}
	EndGlobalSection
EndGlobal
